
Microsoft Visual Studio Solution File, Format Version 12.00
# Visual Studio Version 16
VisualStudioVersion = 16.0.31911.196
MinimumVisualStudioVersion = 10.0.40219.1
Project("{FAE04EC0-301F-11D3-BF4B-00C04F79EFBC}") = "DichVuThueXe", "DichVuThueXe\DichVuThueXe.csproj", "{C5F25E70-4812-4D1B-B524-3E45DA85E032}"
EndProject
Global
	GlobalSection(SolutionConfigurationPlatforms) = preSolution
		Debug|Any CPU = Debug|Any CPU
		Release|Any CPU = Release|Any CPU
	EndGlobalSection
	GlobalSection(ProjectConfigurationPlatforms) = postSolution
		{C5F25E70-4812-4D1B-B524-3E45DA85E032}.Debug|Any CPU.ActiveCfg = Debug|Any CPU
		{C5F25E70-4812-4D1B-B524-3E45DA85E032}.Debug|Any CPU.Build.0 = Debug|Any CPU
		{C5F25E70-4812-4D1B-B524-3E45DA85E032}.Release|Any CPU.ActiveCfg = Release|Any CPU
		{C5F25E70-4812-4D1B-B524-3E45DA85E032}.Release|Any CPU.Build.0 = Release|Any CPU
	EndGlobalSection
	GlobalSection(SolutionProperties) = preSolution
		HideSolutionNode = FALSE
	EndGlobalSection
	GlobalSection(ExtensibilityGlobals) = postSolution
		SolutionGuid = {7C2CDF42-9310-4CA2-A49B-7D5095453393}
	EndGlobalSection
EndGlobal
